
Microsoft Visual Studio Solution File, Format Version 11.00
# Visual C# Express 2010
Project("{FAE04EC0-301F-11D3-BF4B-00C04F79EFBC}") = "projeto curso", "projeto curso\projeto curso.csproj", "{9AE177DE-2654-4341-88FC-7DED8B82BE64}"
EndProject
Global
	GlobalSection(SolutionConfigurationPlatforms) = preSolution
		Debug|x86 = Debug|x86
		Release|x86 = Release|x86
	EndGlobalSection
	GlobalSection(ProjectConfigurationPlatforms) = postSolution
		{9AE177DE-2654-4341-88FC-7DED8B82BE64}.Debug|x86.ActiveCfg = Debug|x86
		{9AE177DE-2654-4341-88FC-7DED8B82BE64}.Debug|x86.Build.0 = Debug|x86
		{9AE177DE-2654-4341-88FC-7DED8B82BE64}.Release|x86.ActiveCfg = Release|x86
		{9AE177DE-2654-4341-88FC-7DED8B82BE64}.Release|x86.Build.0 = Release|x86
	EndGlobalSection
	GlobalSection(SolutionProperties) = preSolution
		HideSolutionNode = FALSE
	EndGlobalSection
EndGlobal
